
Microsoft Visual Studio Solution File, Format Version 12.00
# Visual Studio Version 17
VisualStudioVersion = 17.5.33530.505
MinimumVisualStudioVersion = 10.0.40219.1
Project("{F184B08F-C81C-45F6-A57F-5ABD9991F28F}") = "FormSinBordes", "FormSinBordes\FormSinBordes.vbproj", "{32C00ABE-DE55-43D5-AA9E-36912C3EF073}"
EndProject
Global
	GlobalSection(SolutionConfigurationPlatforms) = preSolution
		Debug|Any CPU = Debug|Any CPU
		Release|Any CPU = Release|Any CPU
	EndGlobalSection
	GlobalSection(ProjectConfigurationPlatforms) = postSolution
		{32C00ABE-DE55-43D5-AA9E-36912C3EF073}.Debug|Any CPU.ActiveCfg = Debug|Any CPU
		{32C00ABE-DE55-43D5-AA9E-36912C3EF073}.Debug|Any CPU.Build.0 = Debug|Any CPU
		{32C00ABE-DE55-43D5-AA9E-36912C3EF073}.Release|Any CPU.ActiveCfg = Release|Any CPU
		{32C00ABE-DE55-43D5-AA9E-36912C3EF073}.Release|Any CPU.Build.0 = Release|Any CPU
	EndGlobalSection
	GlobalSection(SolutionProperties) = preSolution
		HideSolutionNode = FALSE
	EndGlobalSection
	GlobalSection(ExtensibilityGlobals) = postSolution
		SolutionGuid = {52BE2756-CCAE-4402-A99A-FFFC72141AC6}
	EndGlobalSection
EndGlobal
